
Microsoft Visual Studio Solution File, Format Version 12.00
Project("{FAE04EC0-301F-11D3-BF4B-00C04F79EFBC}") = "Akvelon.TestTask", "Akvelon.TestTask\Akvelon.TestTask.csproj", "{B77DDAF9-C681-485F-8472-44CB266A6C6B}"
EndProject
Project("{FAE04EC0-301F-11D3-BF4B-00C04F79EFBC}") = "Akvelon.TestTask.LogicLevel", "Akvelon.TestTask.LogicLevel\Akvelon.TestTask.LogicLevel.csproj", "{AF0DCDE0-C460-423C-935C-90710EC96D8E}"
EndProject
Project("{FAE04EC0-301F-11D3-BF4B-00C04F79EFBC}") = "Akvelon.TestTask.DAL", "Akvelon.TestTask.DAL\Akvelon.TestTask.DAL.csproj", "{182907A6-E599-4B69-A687-DDDA04B3D6E6}"
EndProject
Global
	GlobalSection(SolutionConfigurationPlatforms) = preSolution
		Debug|Any CPU = Debug|Any CPU
		Release|Any CPU = Release|Any CPU
	EndGlobalSection
	GlobalSection(ProjectConfigurationPlatforms) = postSolution
		{B77DDAF9-C681-485F-8472-44CB266A6C6B}.Debug|Any CPU.ActiveCfg = Debug|Any CPU
		{B77DDAF9-C681-485F-8472-44CB266A6C6B}.Debug|Any CPU.Build.0 = Debug|Any CPU
		{B77DDAF9-C681-485F-8472-44CB266A6C6B}.Release|Any CPU.ActiveCfg = Release|Any CPU
		{B77DDAF9-C681-485F-8472-44CB266A6C6B}.Release|Any CPU.Build.0 = Release|Any CPU
		{AF0DCDE0-C460-423C-935C-90710EC96D8E}.Debug|Any CPU.ActiveCfg = Debug|Any CPU
		{AF0DCDE0-C460-423C-935C-90710EC96D8E}.Debug|Any CPU.Build.0 = Debug|Any CPU
		{AF0DCDE0-C460-423C-935C-90710EC96D8E}.Release|Any CPU.ActiveCfg = Release|Any CPU
		{AF0DCDE0-C460-423C-935C-90710EC96D8E}.Release|Any CPU.Build.0 = Release|Any CPU
		{182907A6-E599-4B69-A687-DDDA04B3D6E6}.Debug|Any CPU.ActiveCfg = Debug|Any CPU
		{182907A6-E599-4B69-A687-DDDA04B3D6E6}.Debug|Any CPU.Build.0 = Debug|Any CPU
		{182907A6-E599-4B69-A687-DDDA04B3D6E6}.Release|Any CPU.ActiveCfg = Release|Any CPU
		{182907A6-E599-4B69-A687-DDDA04B3D6E6}.Release|Any CPU.Build.0 = Release|Any CPU
	EndGlobalSection
EndGlobal
